
Microsoft Visual Studio Solution File, Format Version 12.00
# Visual Studio Version 17
VisualStudioVersion = 17.8.34330.188
MinimumVisualStudioVersion = 10.0.40219.1
Project("{9A19103F-16F7-4668-BE54-9A1E7A4F7556}") = "Hexus", "Hexus\Hexus.csproj", "{3A07DEDE-A055-4AAD-952F-8C55EB93F2EC}"
EndProject
Project("{FAE04EC0-301F-11D3-BF4B-00C04F79EFBC}") = "Fun", "Fun\Fun.csproj", "{5EFFF6CB-4E86-407C-83F6-C2C850C9AAF1}"
EndProject
Global
	GlobalSection(SolutionConfigurationPlatforms) = preSolution
		Debug|Any CPU = Debug|Any CPU
		Release|Any CPU = Release|Any CPU
	EndGlobalSection
	GlobalSection(ProjectConfigurationPlatforms) = postSolution
		{3A07DEDE-A055-4AAD-952F-8C55EB93F2EC}.Debug|Any CPU.ActiveCfg = Debug|Any CPU
		{3A07DEDE-A055-4AAD-952F-8C55EB93F2EC}.Debug|Any CPU.Build.0 = Debug|Any CPU
		{3A07DEDE-A055-4AAD-952F-8C55EB93F2EC}.Release|Any CPU.ActiveCfg = Release|Any CPU
		{3A07DEDE-A055-4AAD-952F-8C55EB93F2EC}.Release|Any CPU.Build.0 = Release|Any CPU
		{5EFFF6CB-4E86-407C-83F6-C2C850C9AAF1}.Debug|Any CPU.ActiveCfg = Debug|Any CPU
		{5EFFF6CB-4E86-407C-83F6-C2C850C9AAF1}.Debug|Any CPU.Build.0 = Debug|Any CPU
		{5EFFF6CB-4E86-407C-83F6-C2C850C9AAF1}.Release|Any CPU.ActiveCfg = Release|Any CPU
		{5EFFF6CB-4E86-407C-83F6-C2C850C9AAF1}.Release|Any CPU.Build.0 = Release|Any CPU
	EndGlobalSection
	GlobalSection(SolutionProperties) = preSolution
		HideSolutionNode = FALSE
	EndGlobalSection
	GlobalSection(ExtensibilityGlobals) = postSolution
		SolutionGuid = {6DBAEA21-8F16-44E2-B1D9-EAEDC7734624}
	EndGlobalSection
EndGlobal
